
Microsoft Visual Studio Solution File, Format Version 12.00
# Visual Studio 15
VisualStudioVersion = 15.0.28010.2050
MinimumVisualStudioVersion = 10.0.40219.1
Project("{FAE04EC0-301F-11D3-BF4B-00C04F79EFBC}") = "App_Web_01", "App_Web_01\App_Web_01.csproj", "{875E925A-4B59-4942-ACD7-82F59FBED805}"
EndProject
Global
	GlobalSection(SolutionConfigurationPlatforms) = preSolution
		Debug|Any CPU = Debug|Any CPU
		Release|Any CPU = Release|Any CPU
	EndGlobalSection
	GlobalSection(ProjectConfigurationPlatforms) = postSolution
		{875E925A-4B59-4942-ACD7-82F59FBED805}.Debug|Any CPU.ActiveCfg = Debug|Any CPU
		{875E925A-4B59-4942-ACD7-82F59FBED805}.Debug|Any CPU.Build.0 = Debug|Any CPU
		{875E925A-4B59-4942-ACD7-82F59FBED805}.Release|Any CPU.ActiveCfg = Release|Any CPU
		{875E925A-4B59-4942-ACD7-82F59FBED805}.Release|Any CPU.Build.0 = Release|Any CPU
	EndGlobalSection
	GlobalSection(SolutionProperties) = preSolution
		HideSolutionNode = FALSE
	EndGlobalSection
	GlobalSection(ExtensibilityGlobals) = postSolution
		SolutionGuid = {5AEC92BF-3DE4-41BA-8DA1-4590F56BFF1C}
	EndGlobalSection
EndGlobal
